
Microsoft Visual Studio Solution File, Format Version 12.00
# Visual Studio Version 17
VisualStudioVersion = 17.11.35303.130
MinimumVisualStudioVersion = 10.0.40219.1
Project("{FAE04EC0-301F-11D3-BF4B-00C04F79EFBC}") = "Pr13_2", "Pr13_2.csproj", "{83F0B3EF-D5A1-41A6-8B52-EA0D903EAAAB}"
EndProject
Global
	GlobalSection(SolutionConfigurationPlatforms) = preSolution
		Debug|Any CPU = Debug|Any CPU
		Release|Any CPU = Release|Any CPU
	EndGlobalSection
	GlobalSection(ProjectConfigurationPlatforms) = postSolution
		{83F0B3EF-D5A1-41A6-8B52-EA0D903EAAAB}.Debug|Any CPU.ActiveCfg = Debug|Any CPU
		{83F0B3EF-D5A1-41A6-8B52-EA0D903EAAAB}.Debug|Any CPU.Build.0 = Debug|Any CPU
		{83F0B3EF-D5A1-41A6-8B52-EA0D903EAAAB}.Release|Any CPU.ActiveCfg = Release|Any CPU
		{83F0B3EF-D5A1-41A6-8B52-EA0D903EAAAB}.Release|Any CPU.Build.0 = Release|Any CPU
	EndGlobalSection
	GlobalSection(SolutionProperties) = preSolution
		HideSolutionNode = FALSE
	EndGlobalSection
	GlobalSection(ExtensibilityGlobals) = postSolution
		SolutionGuid = {7F883BA9-93F0-48D5-9E07-20999BC6E3F5}
	EndGlobalSection
EndGlobal
